
Microsoft Visual Studio Solution File, Format Version 12.00
# Visual Studio 15
VisualStudioVersion = 15.0.28010.2016
MinimumVisualStudioVersion = 10.0.40219.1
Project("{FAE04EC0-301F-11D3-BF4B-00C04F79EFBC}") = "FileValidator", "FileValidator\FileValidator.csproj", "{A9F22359-E46B-4693-908C-1444855B7EBC}"
EndProject
Project("{2150E333-8FDC-42A3-9474-1A3956D46DE8}") = "Test-Layer", "Test-Layer", "{C1822CA3-2845-4D38-9BE5-FD68ADC4AE95}"
EndProject
Project("{FAE04EC0-301F-11D3-BF4B-00C04F79EFBC}") = "ConsoleApp", "ConsoleApp\ConsoleApp.csproj", "{6CD2ABA8-6EF4-424E-A90C-BAC10F8DB8D7}"
EndProject
Global
	GlobalSection(SolutionConfigurationPlatforms) = preSolution
		Debug|Any CPU = Debug|Any CPU
		Release|Any CPU = Release|Any CPU
	EndGlobalSection
	GlobalSection(ProjectConfigurationPlatforms) = postSolution
		{A9F22359-E46B-4693-908C-1444855B7EBC}.Debug|Any CPU.ActiveCfg = Debug|Any CPU
		{A9F22359-E46B-4693-908C-1444855B7EBC}.Debug|Any CPU.Build.0 = Debug|Any CPU
		{A9F22359-E46B-4693-908C-1444855B7EBC}.Release|Any CPU.ActiveCfg = Release|Any CPU
		{A9F22359-E46B-4693-908C-1444855B7EBC}.Release|Any CPU.Build.0 = Release|Any CPU
		{6CD2ABA8-6EF4-424E-A90C-BAC10F8DB8D7}.Debug|Any CPU.ActiveCfg = Debug|Any CPU
		{6CD2ABA8-6EF4-424E-A90C-BAC10F8DB8D7}.Debug|Any CPU.Build.0 = Debug|Any CPU
		{6CD2ABA8-6EF4-424E-A90C-BAC10F8DB8D7}.Release|Any CPU.ActiveCfg = Release|Any CPU
		{6CD2ABA8-6EF4-424E-A90C-BAC10F8DB8D7}.Release|Any CPU.Build.0 = Release|Any CPU
	EndGlobalSection
	GlobalSection(SolutionProperties) = preSolution
		HideSolutionNode = FALSE
	EndGlobalSection
	GlobalSection(ExtensibilityGlobals) = postSolution
		SolutionGuid = {9907175D-6173-4555-8C2F-3E979219714B}
	EndGlobalSection
EndGlobal
